
Microsoft Visual Studio Solution File, Format Version 12.00
# Visual Studio Version 17
VisualStudioVersion = 17.4.33403.182
MinimumVisualStudioVersion = 10.0.40219.1
Project("{8BC9CEB8-8B4A-11D0-8D11-00A0C91BC942}") = "task-b-sum", "task-b-sum\task-b-sum.vcxproj", "{CA0CF4D8-EC54-46D1-B1DF-B322965984D8}"
EndProject
Project("{8BC9CEB8-8B4A-11D0-8D11-00A0C91BC942}") = "task-a-statistics", "task-a-statistics\task-a-statistics.vcxproj", "{D047E9C3-B992-4349-8C8F-AA52291802E2}"
EndProject
Project("{8BC9CEB8-8B4A-11D0-8D11-00A0C91BC942}") = "task-d-array", "task-d-array\task-d-array.vcxproj", "{10D9C1E9-D931-4389-823D-A38CCEAC0A30}"
EndProject
Project("{8BC9CEB8-8B4A-11D0-8D11-00A0C91BC942}") = "task-c-query", "task-c-query\task-c-query.vcxproj", "{41E5BEAF-68D4-4104-9742-4FFEBE733104}"
EndProject
Project("{8BC9CEB8-8B4A-11D0-8D11-00A0C91BC942}") = "task-p-persistent", "task-p-persistent\task-p-persistent.vcxproj", "{2BA372C7-1D8E-4DC3-AB9C-3F2D4C8036B9}"
EndProject
Global
	GlobalSection(SolutionConfigurationPlatforms) = preSolution
		Debug|x64 = Debug|x64
		Debug|x86 = Debug|x86
		Release|x64 = Release|x64
		Release|x86 = Release|x86
	EndGlobalSection
	GlobalSection(ProjectConfigurationPlatforms) = postSolution
		{CA0CF4D8-EC54-46D1-B1DF-B322965984D8}.Debug|x64.ActiveCfg = Debug|x64
		{CA0CF4D8-EC54-46D1-B1DF-B322965984D8}.Debug|x64.Build.0 = Debug|x64
		{CA0CF4D8-EC54-46D1-B1DF-B322965984D8}.Debug|x86.ActiveCfg = Debug|Win32
		{CA0CF4D8-EC54-46D1-B1DF-B322965984D8}.Debug|x86.Build.0 = Debug|Win32
		{CA0CF4D8-EC54-46D1-B1DF-B322965984D8}.Release|x64.ActiveCfg = Release|x64
		{CA0CF4D8-EC54-46D1-B1DF-B322965984D8}.Release|x64.Build.0 = Release|x64
		{CA0CF4D8-EC54-46D1-B1DF-B322965984D8}.Release|x86.ActiveCfg = Release|Win32
		{CA0CF4D8-EC54-46D1-B1DF-B322965984D8}.Release|x86.Build.0 = Release|Win32
		{D047E9C3-B992-4349-8C8F-AA52291802E2}.Debug|x64.ActiveCfg = Debug|x64
		{D047E9C3-B992-4349-8C8F-AA52291802E2}.Debug|x64.Build.0 = Debug|x64
		{D047E9C3-B992-4349-8C8F-AA52291802E2}.Debug|x86.ActiveCfg = Debug|Win32
		{D047E9C3-B992-4349-8C8F-AA52291802E2}.Debug|x86.Build.0 = Debug|Win32
		{D047E9C3-B992-4349-8C8F-AA52291802E2}.Release|x64.ActiveCfg = Release|x64
		{D047E9C3-B992-4349-8C8F-AA52291802E2}.Release|x64.Build.0 = Release|x64
		{D047E9C3-B992-4349-8C8F-AA52291802E2}.Release|x86.ActiveCfg = Release|Win32
		{D047E9C3-B992-4349-8C8F-AA52291802E2}.Release|x86.Build.0 = Release|Win32
		{10D9C1E9-D931-4389-823D-A38CCEAC0A30}.Debug|x64.ActiveCfg = Debug|x64
		{10D9C1E9-D931-4389-823D-A38CCEAC0A30}.Debug|x64.Build.0 = Debug|x64
		{10D9C1E9-D931-4389-823D-A38CCEAC0A30}.Debug|x86.ActiveCfg = Debug|Win32
		{10D9C1E9-D931-4389-823D-A38CCEAC0A30}.Debug|x86.Build.0 = Debug|Win32
		{10D9C1E9-D931-4389-823D-A38CCEAC0A30}.Release|x64.ActiveCfg = Release|x64
		{10D9C1E9-D931-4389-823D-A38CCEAC0A30}.Release|x64.Build.0 = Release|x64
		{10D9C1E9-D931-4389-823D-A38CCEAC0A30}.Release|x86.ActiveCfg = Release|Win32
		{10D9C1E9-D931-4389-823D-A38CCEAC0A30}.Release|x86.Build.0 = Release|Win32
		{41E5BEAF-68D4-4104-9742-4FFEBE733104}.Debug|x64.ActiveCfg = Debug|x64
		{41E5BEAF-68D4-4104-9742-4FFEBE733104}.Debug|x64.Build.0 = Debug|x64
		{41E5BEAF-68D4-4104-9742-4FFEBE733104}.Debug|x86.ActiveCfg = Debug|Win32
		{41E5BEAF-68D4-4104-9742-4FFEBE733104}.Debug|x86.Build.0 = Debug|Win32
		{41E5BEAF-68D4-4104-9742-4FFEBE733104}.Release|x64.ActiveCfg = Release|x64
		{41E5BEAF-68D4-4104-9742-4FFEBE733104}.Release|x64.Build.0 = Release|x64
		{41E5BEAF-68D4-4104-9742-4FFEBE733104}.Release|x86.ActiveCfg = Release|Win32
		{41E5BEAF-68D4-4104-9742-4FFEBE733104}.Release|x86.Build.0 = Release|Win32
		{2BA372C7-1D8E-4DC3-AB9C-3F2D4C8036B9}.Debug|x64.ActiveCfg = Debug|x64
		{2BA372C7-1D8E-4DC3-AB9C-3F2D4C8036B9}.Debug|x64.Build.0 = Debug|x64
		{2BA372C7-1D8E-4DC3-AB9C-3F2D4C8036B9}.Debug|x86.ActiveCfg = Debug|Win32
		{2BA372C7-1D8E-4DC3-AB9C-3F2D4C8036B9}.Debug|x86.Build.0 = Debug|Win32
		{2BA372C7-1D8E-4DC3-AB9C-3F2D4C8036B9}.Release|x64.ActiveCfg = Release|x64
		{2BA372C7-1D8E-4DC3-AB9C-3F2D4C8036B9}.Release|x64.Build.0 = Release|x64
		{2BA372C7-1D8E-4DC3-AB9C-3F2D4C8036B9}.Release|x86.ActiveCfg = Release|Win32
		{2BA372C7-1D8E-4DC3-AB9C-3F2D4C8036B9}.Release|x86.Build.0 = Release|Win32
	EndGlobalSection
	GlobalSection(SolutionProperties) = preSolution
		HideSolutionNode = FALSE
	EndGlobalSection
	GlobalSection(ExtensibilityGlobals) = postSolution
		SolutionGuid = {0841B0D0-32C1-46E7-869C-3523A86D4304}
	EndGlobalSection
EndGlobal
